
Microsoft Visual Studio Solution File, Format Version 12.00
# Visual Studio Version 17
VisualStudioVersion = 17.0.32112.339
MinimumVisualStudioVersion = 10.0.40219.1
Project("{FAE04EC0-301F-11D3-BF4B-00C04F79EFBC}") = "AlphaInputDemoRecorder", "AlphaOW\AlphaInputDemoRecorder.csproj", "{8034C813-8D42-464F-8F65-11D8F8C8C37B}"
EndProject
Project("{9A19103F-16F7-4668-BE54-9A1E7A4F7556}") = "InputDemoRecorder", "InputDemoRecorder\InputDemoRecorder.csproj", "{8A39F9E7-1A89-430C-9C3E-BDFB3B7E17DF}"
EndProject
Global
	GlobalSection(SolutionConfigurationPlatforms) = preSolution
		Debug|Any CPU = Debug|Any CPU
		Release|Any CPU = Release|Any CPU
	EndGlobalSection
	GlobalSection(ProjectConfigurationPlatforms) = postSolution
		{8034C813-8D42-464F-8F65-11D8F8C8C37B}.Debug|Any CPU.ActiveCfg = Debug|Any CPU
		{8034C813-8D42-464F-8F65-11D8F8C8C37B}.Debug|Any CPU.Build.0 = Debug|Any CPU
		{8034C813-8D42-464F-8F65-11D8F8C8C37B}.Release|Any CPU.ActiveCfg = Release|Any CPU
		{8034C813-8D42-464F-8F65-11D8F8C8C37B}.Release|Any CPU.Build.0 = Release|Any CPU
		{8A39F9E7-1A89-430C-9C3E-BDFB3B7E17DF}.Debug|Any CPU.ActiveCfg = Debug|Any CPU
		{8A39F9E7-1A89-430C-9C3E-BDFB3B7E17DF}.Debug|Any CPU.Build.0 = Debug|Any CPU
		{8A39F9E7-1A89-430C-9C3E-BDFB3B7E17DF}.Release|Any CPU.ActiveCfg = Release|Any CPU
		{8A39F9E7-1A89-430C-9C3E-BDFB3B7E17DF}.Release|Any CPU.Build.0 = Release|Any CPU
	EndGlobalSection
	GlobalSection(SolutionProperties) = preSolution
		HideSolutionNode = FALSE
	EndGlobalSection
	GlobalSection(ExtensibilityGlobals) = postSolution
		SolutionGuid = {3E6F4DC6-D5FD-4336-8AA8-B2D18A521EB8}
	EndGlobalSection
EndGlobal
